
Microsoft Visual Studio Solution File, Format Version 12.00
# Visual Studio Version 16
VisualStudioVersion = 16.0.32802.440
MinimumVisualStudioVersion = 10.0.40219.1
Project("{8BC9CEB8-8B4A-11D0-8D11-00A0C91BC942}") = "1.1.1.1", "..\1.1.1.1\1.1.1.1\1.1.1.1.vcxproj", "{6EF5DD77-527E-4D06-A886-9C67DD957557}"
EndProject
Project("{8BC9CEB8-8B4A-11D0-8D11-00A0C91BC942}") = "1.1.1.2", "..\1.1.1.2\1.1.1.2\1.1.1.2.vcxproj", "{0803EA9F-E103-45DC-80EF-7F4A73E53DF5}"
EndProject
Project("{8BC9CEB8-8B4A-11D0-8D11-00A0C91BC942}") = "1.1.2.1", "..\1.1.2.1\1.1.2.1\1.1.2.1.vcxproj", "{EC73AF7E-C232-44BF-8B28-DDFF228C14E2}"
EndProject
Project("{8BC9CEB8-8B4A-11D0-8D11-00A0C91BC942}") = "1.1.2.2", "..\1.1.2.2\1.1.2.2\1.1.2.2.vcxproj", "{64487FAF-DA2A-4D09-BEB3-047893B03375}"
EndProject
Project("{8BC9CEB8-8B4A-11D0-8D11-00A0C91BC942}") = "1.1.2.3", "..\1.1.2.3\1.1.2.3\1.1.2.3.vcxproj", "{C48BEEB5-2E93-46F9-A051-DC40CC877F30}"
EndProject
Project("{8BC9CEB8-8B4A-11D0-8D11-00A0C91BC942}") = "1.1.3.1", "..\1.1.3.1\1.1.3.1\1.1.3.1.vcxproj", "{53513180-8675-4272-B14D-C77B51C4501F}"
EndProject
Project("{8BC9CEB8-8B4A-11D0-8D11-00A0C91BC942}") = "1.1.3.4", "..\1.1.3.4\1.1.3.4\1.1.3.4.vcxproj", "{C03708D7-C83F-42E4-B919-3832178CEB34}"
EndProject
Project("{8BC9CEB8-8B4A-11D0-8D11-00A0C91BC942}") = "1.1.4.1", "..\1.1.4.1\1.1.4.1\1.1.4.1.vcxproj", "{BB84624B-ABC4-4B42-BE81-F15C5191087C}"
EndProject
Project("{8BC9CEB8-8B4A-11D0-8D11-00A0C91BC942}") = "1.1.4.2", "..\1.1.4.2\1.1.4.2\1.1.4.2.vcxproj", "{6EF06C41-6460-4F36-873F-39ABA8F639DE}"
EndProject
Project("{8BC9CEB8-8B4A-11D0-8D11-00A0C91BC942}") = "1.1.4.3", "..\1.1.4.3\1.1.4.3\1.1.4.3.vcxproj", "{531F122C-03B1-45DA-AC76-839A41A67B72}"
EndProject
Project("{8BC9CEB8-8B4A-11D0-8D11-00A0C91BC942}") = "1.1.4.4", "..\1.1.4.4\1.1.4.4\1.1.4.4.vcxproj", "{DFE865E8-22D1-4FF2-ADA0-7E0B73B5E9C1}"
EndProject
Project("{8BC9CEB8-8B4A-11D0-8D11-00A0C91BC942}") = "1.1.4.5", "..\1.1.4.5\1.1.4.5\1.1.4.5.vcxproj", "{0EF779A3-145B-4C51-9C81-FECE5EE47A8B}"
EndProject
Project("{8BC9CEB8-8B4A-11D0-8D11-00A0C91BC942}") = "1.1.4.6", "..\1.1.4.6\1.1.4.6\1.1.4.6.vcxproj", "{C6DD5124-49CF-48F9-A529-ED6DDF2573D5}"
EndProject
Project("{8BC9CEB8-8B4A-11D0-8D11-00A0C91BC942}") = "1.1.4.8", "..\1.1.4.8\1.1.4.8\1.1.4.8.vcxproj", "{110E3C74-1A63-4478-BCC9-61B4EBD7CF35}"
EndProject
Project("{8BC9CEB8-8B4A-11D0-8D11-00A0C91BC942}") = "1.1.5.1", "..\1.1.5.1\1.1.5.1\1.1.5.1.vcxproj", "{EF80B3A9-993A-4E3D-8AA8-F8FDD7753125}"
EndProject
Project("{8BC9CEB8-8B4A-11D0-8D11-00A0C91BC942}") = "1.1.5.2", "..\1.1.5.2\1.1.5.2\1.1.5.2.vcxproj", "{53D27DFD-C07E-4FCD-9D8C-34E515AD5853}"
EndProject
Project("{8BC9CEB8-8B4A-11D0-8D11-00A0C91BC942}") = "1.1.5.3", "..\1.1.5.3\1.1.5.3\1.1.5.3.vcxproj", "{A63D7A6F-4E79-4A56-ACFC-E29AF1B8E9A7}"
EndProject
Project("{8BC9CEB8-8B4A-11D0-8D11-00A0C91BC942}") = "1.1.5.4", "..\1.1.5.4\1.1.5.4\1.1.5.4.vcxproj", "{F4889AAA-ACD1-47A0-90CE-F16D745D3918}"
EndProject
Project("{8BC9CEB8-8B4A-11D0-8D11-00A0C91BC942}") = "1.1.5.5", "..\1.1.5.5\1.1.5.5\1.1.5.5.vcxproj", "{43836790-2147-4884-A1B9-D8CDA6BA2E86}"
EndProject
Project("{8BC9CEB8-8B4A-11D0-8D11-00A0C91BC942}") = "1.1.5.6", "..\1.1.5.6\1.1.5.6\1.1.5.6.vcxproj", "{8AFE1B07-F815-47D0-BBE6-7BAFC2C6EC24}"
EndProject
Project("{8BC9CEB8-8B4A-11D0-8D11-00A0C91BC942}") = "1.1.5.7", "..\1.1.5.7\1.1.5.7\1.1.5.7.vcxproj", "{B71C7019-115B-40E3-9A5D-3BE09605A29C}"
EndProject
Project("{8BC9CEB8-8B4A-11D0-8D11-00A0C91BC942}") = "1.1.5.8", "..\1.1.5.8\1.1.5.8\1.1.5.8.vcxproj", "{B32811FD-3AEE-40D9-9358-164201DE1F54}"
EndProject
Global
	GlobalSection(SolutionConfigurationPlatforms) = preSolution
		Debug|x64 = Debug|x64
		Debug|x86 = Debug|x86
		Release|x64 = Release|x64
		Release|x86 = Release|x86
	EndGlobalSection
	GlobalSection(ProjectConfigurationPlatforms) = postSolution
		{6EF5DD77-527E-4D06-A886-9C67DD957557}.Debug|x64.ActiveCfg = Debug|x64
		{6EF5DD77-527E-4D06-A886-9C67DD957557}.Debug|x64.Build.0 = Debug|x64
		{6EF5DD77-527E-4D06-A886-9C67DD957557}.Debug|x86.ActiveCfg = Debug|Win32
		{6EF5DD77-527E-4D06-A886-9C67DD957557}.Debug|x86.Build.0 = Debug|Win32
		{6EF5DD77-527E-4D06-A886-9C67DD957557}.Release|x64.ActiveCfg = Release|x64
		{6EF5DD77-527E-4D06-A886-9C67DD957557}.Release|x64.Build.0 = Release|x64
		{6EF5DD77-527E-4D06-A886-9C67DD957557}.Release|x86.ActiveCfg = Release|Win32
		{6EF5DD77-527E-4D06-A886-9C67DD957557}.Release|x86.Build.0 = Release|Win32
		{0803EA9F-E103-45DC-80EF-7F4A73E53DF5}.Debug|x64.ActiveCfg = Debug|x64
		{0803EA9F-E103-45DC-80EF-7F4A73E53DF5}.Debug|x64.Build.0 = Debug|x64
		{0803EA9F-E103-45DC-80EF-7F4A73E53DF5}.Debug|x86.ActiveCfg = Debug|Win32
		{0803EA9F-E103-45DC-80EF-7F4A73E53DF5}.Debug|x86.Build.0 = Debug|Win32
		{0803EA9F-E103-45DC-80EF-7F4A73E53DF5}.Release|x64.ActiveCfg = Release|x64
		{0803EA9F-E103-45DC-80EF-7F4A73E53DF5}.Release|x64.Build.0 = Release|x64
		{0803EA9F-E103-45DC-80EF-7F4A73E53DF5}.Release|x86.ActiveCfg = Release|Win32
		{0803EA9F-E103-45DC-80EF-7F4A73E53DF5}.Release|x86.Build.0 = Release|Win32
		{EC73AF7E-C232-44BF-8B28-DDFF228C14E2}.Debug|x64.ActiveCfg = Debug|x64
		{EC73AF7E-C232-44BF-8B28-DDFF228C14E2}.Debug|x64.Build.0 = Debug|x64
		{EC73AF7E-C232-44BF-8B28-DDFF228C14E2}.Debug|x86.ActiveCfg = Debug|Win32
		{EC73AF7E-C232-44BF-8B28-DDFF228C14E2}.Debug|x86.Build.0 = Debug|Win32
		{EC73AF7E-C232-44BF-8B28-DDFF228C14E2}.Release|x64.ActiveCfg = Release|x64
		{EC73AF7E-C232-44BF-8B28-DDFF228C14E2}.Release|x64.Build.0 = Release|x64
		{EC73AF7E-C232-44BF-8B28-DDFF228C14E2}.Release|x86.ActiveCfg = Release|Win32
		{EC73AF7E-C232-44BF-8B28-DDFF228C14E2}.Release|x86.Build.0 = Release|Win32
		{64487FAF-DA2A-4D09-BEB3-047893B03375}.Debug|x64.ActiveCfg = Debug|x64
		{64487FAF-DA2A-4D09-BEB3-047893B03375}.Debug|x64.Build.0 = Debug|x64
		{64487FAF-DA2A-4D09-BEB3-047893B03375}.Debug|x86.ActiveCfg = Debug|Win32
		{64487FAF-DA2A-4D09-BEB3-047893B03375}.Debug|x86.Build.0 = Debug|Win32
		{64487FAF-DA2A-4D09-BEB3-047893B03375}.Release|x64.ActiveCfg = Release|x64
		{64487FAF-DA2A-4D09-BEB3-047893B03375}.Release|x64.Build.0 = Release|x64
		{64487FAF-DA2A-4D09-BEB3-047893B03375}.Release|x86.ActiveCfg = Release|Win32
		{64487FAF-DA2A-4D09-BEB3-047893B03375}.Release|x86.Build.0 = Release|Win32
		{C48BEEB5-2E93-46F9-A051-DC40CC877F30}.Debug|x64.ActiveCfg = Debug|x64
		{C48BEEB5-2E93-46F9-A051-DC40CC877F30}.Debug|x64.Build.0 = Debug|x64
		{C48BEEB5-2E93-46F9-A051-DC40CC877F30}.Debug|x86.ActiveCfg = Debug|Win32
		{C48BEEB5-2E93-46F9-A051-DC40CC877F30}.Debug|x86.Build.0 = Debug|Win32
		{C48BEEB5-2E93-46F9-A051-DC40CC877F30}.Release|x64.ActiveCfg = Release|x64
		{C48BEEB5-2E93-46F9-A051-DC40CC877F30}.Release|x64.Build.0 = Release|x64
		{C48BEEB5-2E93-46F9-A051-DC40CC877F30}.Release|x86.ActiveCfg = Release|Win32
		{C48BEEB5-2E93-46F9-A051-DC40CC877F30}.Release|x86.Build.0 = Release|Win32
		{53513180-8675-4272-B14D-C77B51C4501F}.Debug|x64.ActiveCfg = Debug|x64
		{53513180-8675-4272-B14D-C77B51C4501F}.Debug|x64.Build.0 = Debug|x64
		{53513180-8675-4272-B14D-C77B51C4501F}.Debug|x86.ActiveCfg = Debug|Win32
		{53513180-8675-4272-B14D-C77B51C4501F}.Debug|x86.Build.0 = Debug|Win32
		{53513180-8675-4272-B14D-C77B51C4501F}.Release|x64.ActiveCfg = Release|x64
		{53513180-8675-4272-B14D-C77B51C4501F}.Release|x64.Build.0 = Release|x64
		{53513180-8675-4272-B14D-C77B51C4501F}.Release|x86.ActiveCfg = Release|Win32
		{53513180-8675-4272-B14D-C77B51C4501F}.Release|x86.Build.0 = Release|Win32
		{C03708D7-C83F-42E4-B919-3832178CEB34}.Debug|x64.ActiveCfg = Debug|x64
		{C03708D7-C83F-42E4-B919-3832178CEB34}.Debug|x64.Build.0 = Debug|x64
		{C03708D7-C83F-42E4-B919-3832178CEB34}.Debug|x86.ActiveCfg = Debug|Win32
		{C03708D7-C83F-42E4-B919-3832178CEB34}.Debug|x86.Build.0 = Debug|Win32
		{C03708D7-C83F-42E4-B919-3832178CEB34}.Release|x64.ActiveCfg = Release|x64
		{C03708D7-C83F-42E4-B919-3832178CEB34}.Release|x64.Build.0 = Release|x64
		{C03708D7-C83F-42E4-B919-3832178CEB34}.Release|x86.ActiveCfg = Release|Win32
		{C03708D7-C83F-42E4-B919-3832178CEB34}.Release|x86.Build.0 = Release|Win32
		{BB84624B-ABC4-4B42-BE81-F15C5191087C}.Debug|x64.ActiveCfg = Debug|x64
		{BB84624B-ABC4-4B42-BE81-F15C5191087C}.Debug|x64.Build.0 = Debug|x64
		{BB84624B-ABC4-4B42-BE81-F15C5191087C}.Debug|x86.ActiveCfg = Debug|Win32
		{BB84624B-ABC4-4B42-BE81-F15C5191087C}.Debug|x86.Build.0 = Debug|Win32
		{BB84624B-ABC4-4B42-BE81-F15C5191087C}.Release|x64.ActiveCfg = Release|x64
		{BB84624B-ABC4-4B42-BE81-F15C5191087C}.Release|x64.Build.0 = Release|x64
		{BB84624B-ABC4-4B42-BE81-F15C5191087C}.Release|x86.ActiveCfg = Release|Win32
		{BB84624B-ABC4-4B42-BE81-F15C5191087C}.Release|x86.Build.0 = Release|Win32
		{6EF06C41-6460-4F36-873F-39ABA8F639DE}.Debug|x64.ActiveCfg = Debug|x64
		{6EF06C41-6460-4F36-873F-39ABA8F639DE}.Debug|x64.Build.0 = Debug|x64
		{6EF06C41-6460-4F36-873F-39ABA8F639DE}.Debug|x86.ActiveCfg = Debug|Win32
		{6EF06C41-6460-4F36-873F-39ABA8F639DE}.Debug|x86.Build.0 = Debug|Win32
		{6EF06C41-6460-4F36-873F-39ABA8F639DE}.Release|x64.ActiveCfg = Release|x64
		{6EF06C41-6460-4F36-873F-39ABA8F639DE}.Release|x64.Build.0 = Release|x64
		{6EF06C41-6460-4F36-873F-39ABA8F639DE}.Release|x86.ActiveCfg = Release|Win32
		{6EF06C41-6460-4F36-873F-39ABA8F639DE}.Release|x86.Build.0 = Release|Win32
		{531F122C-03B1-45DA-AC76-839A41A67B72}.Debug|x64.ActiveCfg = Debug|x64
		{531F122C-03B1-45DA-AC76-839A41A67B72}.Debug|x64.Build.0 = Debug|x64
		{531F122C-03B1-45DA-AC76-839A41A67B72}.Debug|x86.ActiveCfg = Debug|Win32
		{531F122C-03B1-45DA-AC76-839A41A67B72}.Debug|x86.Build.0 = Debug|Win32
		{531F122C-03B1-45DA-AC76-839A41A67B72}.Release|x64.ActiveCfg = Release|x64
		{531F122C-03B1-45DA-AC76-839A41A67B72}.Release|x64.Build.0 = Release|x64
		{531F122C-03B1-45DA-AC76-839A41A67B72}.Release|x86.ActiveCfg = Release|Win32
		{531F122C-03B1-45DA-AC76-839A41A67B72}.Release|x86.Build.0 = Release|Win32
		{DFE865E8-22D1-4FF2-ADA0-7E0B73B5E9C1}.Debug|x64.ActiveCfg = Debug|x64
		{DFE865E8-22D1-4FF2-ADA0-7E0B73B5E9C1}.Debug|x64.Build.0 = Debug|x64
		{DFE865E8-22D1-4FF2-ADA0-7E0B73B5E9C1}.Debug|x86.ActiveCfg = Debug|Win32
		{DFE865E8-22D1-4FF2-ADA0-7E0B73B5E9C1}.Debug|x86.Build.0 = Debug|Win32
		{DFE865E8-22D1-4FF2-ADA0-7E0B73B5E9C1}.Release|x64.ActiveCfg = Release|x64
		{DFE865E8-22D1-4FF2-ADA0-7E0B73B5E9C1}.Release|x64.Build.0 = Release|x64
		{DFE865E8-22D1-4FF2-ADA0-7E0B73B5E9C1}.Release|x86.ActiveCfg = Release|Win32
		{DFE865E8-22D1-4FF2-ADA0-7E0B73B5E9C1}.Release|x86.Build.0 = Release|Win32
		{0EF779A3-145B-4C51-9C81-FECE5EE47A8B}.Debug|x64.ActiveCfg = Debug|x64
		{0EF779A3-145B-4C51-9C81-FECE5EE47A8B}.Debug|x64.Build.0 = Debug|x64
		{0EF779A3-145B-4C51-9C81-FECE5EE47A8B}.Debug|x86.ActiveCfg = Debug|Win32
		{0EF779A3-145B-4C51-9C81-FECE5EE47A8B}.Debug|x86.Build.0 = Debug|Win32
		{0EF779A3-145B-4C51-9C81-FECE5EE47A8B}.Release|x64.ActiveCfg = Release|x64
		{0EF779A3-145B-4C51-9C81-FECE5EE47A8B}.Release|x64.Build.0 = Release|x64
		{0EF779A3-145B-4C51-9C81-FECE5EE47A8B}.Release|x86.ActiveCfg = Release|Win32
		{0EF779A3-145B-4C51-9C81-FECE5EE47A8B}.Release|x86.Build.0 = Release|Win32
		{C6DD5124-49CF-48F9-A529-ED6DDF2573D5}.Debug|x64.ActiveCfg = Debug|x64
		{C6DD5124-49CF-48F9-A529-ED6DDF2573D5}.Debug|x64.Build.0 = Debug|x64
		{C6DD5124-49CF-48F9-A529-ED6DDF2573D5}.Debug|x86.ActiveCfg = Debug|Win32
		{C6DD5124-49CF-48F9-A529-ED6DDF2573D5}.Debug|x86.Build.0 = Debug|Win32
		{C6DD5124-49CF-48F9-A529-ED6DDF2573D5}.Release|x64.ActiveCfg = Release|x64
		{C6DD5124-49CF-48F9-A529-ED6DDF2573D5}.Release|x64.Build.0 = Release|x64
		{C6DD5124-49CF-48F9-A529-ED6DDF2573D5}.Release|x86.ActiveCfg = Release|Win32
		{C6DD5124-49CF-48F9-A529-ED6DDF2573D5}.Release|x86.Build.0 = Release|Win32
		{110E3C74-1A63-4478-BCC9-61B4EBD7CF35}.Debug|x64.ActiveCfg = Debug|x64
		{110E3C74-1A63-4478-BCC9-61B4EBD7CF35}.Debug|x64.Build.0 = Debug|x64
		{110E3C74-1A63-4478-BCC9-61B4EBD7CF35}.Debug|x86.ActiveCfg = Debug|Win32
		{110E3C74-1A63-4478-BCC9-61B4EBD7CF35}.Debug|x86.Build.0 = Debug|Win32
		{110E3C74-1A63-4478-BCC9-61B4EBD7CF35}.Release|x64.ActiveCfg = Release|x64
		{110E3C74-1A63-4478-BCC9-61B4EBD7CF35}.Release|x64.Build.0 = Release|x64
		{110E3C74-1A63-4478-BCC9-61B4EBD7CF35}.Release|x86.ActiveCfg = Release|Win32
		{110E3C74-1A63-4478-BCC9-61B4EBD7CF35}.Release|x86.Build.0 = Release|Win32
		{EF80B3A9-993A-4E3D-8AA8-F8FDD7753125}.Debug|x64.ActiveCfg = Debug|x64
		{EF80B3A9-993A-4E3D-8AA8-F8FDD7753125}.Debug|x64.Build.0 = Debug|x64
		{EF80B3A9-993A-4E3D-8AA8-F8FDD7753125}.Debug|x86.ActiveCfg = Debug|Win32
		{EF80B3A9-993A-4E3D-8AA8-F8FDD7753125}.Debug|x86.Build.0 = Debug|Win32
		{EF80B3A9-993A-4E3D-8AA8-F8FDD7753125}.Release|x64.ActiveCfg = Release|x64
		{EF80B3A9-993A-4E3D-8AA8-F8FDD7753125}.Release|x64.Build.0 = Release|x64
		{EF80B3A9-993A-4E3D-8AA8-F8FDD7753125}.Release|x86.ActiveCfg = Release|Win32
		{EF80B3A9-993A-4E3D-8AA8-F8FDD7753125}.Release|x86.Build.0 = Release|Win32
		{53D27DFD-C07E-4FCD-9D8C-34E515AD5853}.Debug|x64.ActiveCfg = Debug|x64
		{53D27DFD-C07E-4FCD-9D8C-34E515AD5853}.Debug|x64.Build.0 = Debug|x64
		{53D27DFD-C07E-4FCD-9D8C-34E515AD5853}.Debug|x86.ActiveCfg = Debug|Win32
		{53D27DFD-C07E-4FCD-9D8C-34E515AD5853}.Debug|x86.Build.0 = Debug|Win32
		{53D27DFD-C07E-4FCD-9D8C-34E515AD5853}.Release|x64.ActiveCfg = Release|x64
		{53D27DFD-C07E-4FCD-9D8C-34E515AD5853}.Release|x64.Build.0 = Release|x64
		{53D27DFD-C07E-4FCD-9D8C-34E515AD5853}.Release|x86.ActiveCfg = Release|Win32
		{53D27DFD-C07E-4FCD-9D8C-34E515AD5853}.Release|x86.Build.0 = Release|Win32
		{A63D7A6F-4E79-4A56-ACFC-E29AF1B8E9A7}.Debug|x64.ActiveCfg = Debug|x64
		{A63D7A6F-4E79-4A56-ACFC-E29AF1B8E9A7}.Debug|x64.Build.0 = Debug|x64
		{A63D7A6F-4E79-4A56-ACFC-E29AF1B8E9A7}.Debug|x86.ActiveCfg = Debug|Win32
		{A63D7A6F-4E79-4A56-ACFC-E29AF1B8E9A7}.Debug|x86.Build.0 = Debug|Win32
		{A63D7A6F-4E79-4A56-ACFC-E29AF1B8E9A7}.Release|x64.ActiveCfg = Release|x64
		{A63D7A6F-4E79-4A56-ACFC-E29AF1B8E9A7}.Release|x64.Build.0 = Release|x64
		{A63D7A6F-4E79-4A56-ACFC-E29AF1B8E9A7}.Release|x86.ActiveCfg = Release|Win32
		{A63D7A6F-4E79-4A56-ACFC-E29AF1B8E9A7}.Release|x86.Build.0 = Release|Win32
		{F4889AAA-ACD1-47A0-90CE-F16D745D3918}.Debug|x64.ActiveCfg = Debug|x64
		{F4889AAA-ACD1-47A0-90CE-F16D745D3918}.Debug|x64.Build.0 = Debug|x64
		{F4889AAA-ACD1-47A0-90CE-F16D745D3918}.Debug|x86.ActiveCfg = Debug|Win32
		{F4889AAA-ACD1-47A0-90CE-F16D745D3918}.Debug|x86.Build.0 = Debug|Win32
		{F4889AAA-ACD1-47A0-90CE-F16D745D3918}.Release|x64.ActiveCfg = Release|x64
		{F4889AAA-ACD1-47A0-90CE-F16D745D3918}.Release|x64.Build.0 = Release|x64
		{F4889AAA-ACD1-47A0-90CE-F16D745D3918}.Release|x86.ActiveCfg = Release|Win32
		{F4889AAA-ACD1-47A0-90CE-F16D745D3918}.Release|x86.Build.0 = Release|Win32
		{43836790-2147-4884-A1B9-D8CDA6BA2E86}.Debug|x64.ActiveCfg = Debug|x64
		{43836790-2147-4884-A1B9-D8CDA6BA2E86}.Debug|x64.Build.0 = Debug|x64
		{43836790-2147-4884-A1B9-D8CDA6BA2E86}.Debug|x86.ActiveCfg = Debug|Win32
		{43836790-2147-4884-A1B9-D8CDA6BA2E86}.Debug|x86.Build.0 = Debug|Win32
		{43836790-2147-4884-A1B9-D8CDA6BA2E86}.Release|x64.ActiveCfg = Release|x64
		{43836790-2147-4884-A1B9-D8CDA6BA2E86}.Release|x64.Build.0 = Release|x64
		{43836790-2147-4884-A1B9-D8CDA6BA2E86}.Release|x86.ActiveCfg = Release|Win32
		{43836790-2147-4884-A1B9-D8CDA6BA2E86}.Release|x86.Build.0 = Release|Win32
		{8AFE1B07-F815-47D0-BBE6-7BAFC2C6EC24}.Debug|x64.ActiveCfg = Debug|x64
		{8AFE1B07-F815-47D0-BBE6-7BAFC2C6EC24}.Debug|x64.Build.0 = Debug|x64
		{8AFE1B07-F815-47D0-BBE6-7BAFC2C6EC24}.Debug|x86.ActiveCfg = Debug|Win32
		{8AFE1B07-F815-47D0-BBE6-7BAFC2C6EC24}.Debug|x86.Build.0 = Debug|Win32
		{8AFE1B07-F815-47D0-BBE6-7BAFC2C6EC24}.Release|x64.ActiveCfg = Release|x64
		{8AFE1B07-F815-47D0-BBE6-7BAFC2C6EC24}.Release|x64.Build.0 = Release|x64
		{8AFE1B07-F815-47D0-BBE6-7BAFC2C6EC24}.Release|x86.ActiveCfg = Release|Win32
		{8AFE1B07-F815-47D0-BBE6-7BAFC2C6EC24}.Release|x86.Build.0 = Release|Win32
		{B71C7019-115B-40E3-9A5D-3BE09605A29C}.Debug|x64.ActiveCfg = Debug|x64
		{B71C7019-115B-40E3-9A5D-3BE09605A29C}.Debug|x64.Build.0 = Debug|x64
		{B71C7019-115B-40E3-9A5D-3BE09605A29C}.Debug|x86.ActiveCfg = Debug|Win32
		{B71C7019-115B-40E3-9A5D-3BE09605A29C}.Debug|x86.Build.0 = Debug|Win32
		{B71C7019-115B-40E3-9A5D-3BE09605A29C}.Release|x64.ActiveCfg = Release|x64
		{B71C7019-115B-40E3-9A5D-3BE09605A29C}.Release|x64.Build.0 = Release|x64
		{B71C7019-115B-40E3-9A5D-3BE09605A29C}.Release|x86.ActiveCfg = Release|Win32
		{B71C7019-115B-40E3-9A5D-3BE09605A29C}.Release|x86.Build.0 = Release|Win32
		{B32811FD-3AEE-40D9-9358-164201DE1F54}.Debug|x64.ActiveCfg = Debug|x64
		{B32811FD-3AEE-40D9-9358-164201DE1F54}.Debug|x64.Build.0 = Debug|x64
		{B32811FD-3AEE-40D9-9358-164201DE1F54}.Debug|x86.ActiveCfg = Debug|Win32
		{B32811FD-3AEE-40D9-9358-164201DE1F54}.Debug|x86.Build.0 = Debug|Win32
		{B32811FD-3AEE-40D9-9358-164201DE1F54}.Release|x64.ActiveCfg = Release|x64
		{B32811FD-3AEE-40D9-9358-164201DE1F54}.Release|x64.Build.0 = Release|x64
		{B32811FD-3AEE-40D9-9358-164201DE1F54}.Release|x86.ActiveCfg = Release|Win32
		{B32811FD-3AEE-40D9-9358-164201DE1F54}.Release|x86.Build.0 = Release|Win32
	EndGlobalSection
	GlobalSection(SolutionProperties) = preSolution
		HideSolutionNode = FALSE
	EndGlobalSection
	GlobalSection(ExtensibilityGlobals) = postSolution
		SolutionGuid = {A102F38B-210A-4A6F-A3AD-9975084415E3}
	EndGlobalSection
EndGlobal
